
Microsoft Visual Studio Solution File, Format Version 12.00
# Visual Studio Version 17
VisualStudioVersion = 17.10.35013.160
MinimumVisualStudioVersion = 10.0.40219.1
Project("{FAE04EC0-301F-11D3-BF4B-00C04F79EFBC}") = "TestProject3", "TestProject3\TestProject3.csproj", "{04A5AF69-7CFA-4FF5-96F7-75974593516D}"
EndProject
Global
	GlobalSection(SolutionConfigurationPlatforms) = preSolution
		Debug|Any CPU = Debug|Any CPU
		Release|Any CPU = Release|Any CPU
	EndGlobalSection
	GlobalSection(ProjectConfigurationPlatforms) = postSolution
		{04A5AF69-7CFA-4FF5-96F7-75974593516D}.Debug|Any CPU.ActiveCfg = Debug|Any CPU
		{04A5AF69-7CFA-4FF5-96F7-75974593516D}.Debug|Any CPU.Build.0 = Debug|Any CPU
		{04A5AF69-7CFA-4FF5-96F7-75974593516D}.Release|Any CPU.ActiveCfg = Release|Any CPU
		{04A5AF69-7CFA-4FF5-96F7-75974593516D}.Release|Any CPU.Build.0 = Release|Any CPU
	EndGlobalSection
	GlobalSection(SolutionProperties) = preSolution
		HideSolutionNode = FALSE
	EndGlobalSection
	GlobalSection(ExtensibilityGlobals) = postSolution
		SolutionGuid = {1A437337-8616-463C-931A-A2C4E89B88C1}
	EndGlobalSection
EndGlobal
